
Microsoft Visual Studio Solution File, Format Version 12.00
# Visual Studio Version 17
VisualStudioVersion = 17.2.32630.192
MinimumVisualStudioVersion = 10.0.40219.1
Project("{9A19103F-16F7-4668-BE54-9A1E7A4F7556}") = "Account.Api", "Account.Api\Account.Api.csproj", "{7C48D199-D6A8-4102-96B8-CDBF56FF162D}"
EndProject
Project("{9A19103F-16F7-4668-BE54-9A1E7A4F7556}") = "Account.Services", "Account.Services\Account.Services.csproj", "{C8694F1F-934D-4115-A397-1396444E1C78}"
EndProject
Project("{9A19103F-16F7-4668-BE54-9A1E7A4F7556}") = "Account.DAL", "Account.DAL\Account.DAL.csproj", "{CD39952D-8BC7-41AC-93A2-2425257E4DE9}"
EndProject
Project("{2150E333-8FDC-42A3-9474-1A3956D46DE8}") = "Account", "Account", "{C052B651-A4E9-46E4-B0BD-36FD766DCA04}"
EndProject
Project("{9A19103F-16F7-4668-BE54-9A1E7A4F7556}") = "Account.DTO", "Account.DTO\Account.DTO.csproj", "{E5B43B6B-B97D-4D6D-9886-644D61CCAF4A}"
EndProject
Project("{2150E333-8FDC-42A3-9474-1A3956D46DE8}") = "Transaction", "Transaction", "{20B620F5-493D-4029-88AA-49A164574153}"
EndProject
Project("{9A19103F-16F7-4668-BE54-9A1E7A4F7556}") = "Transaction.DAL", "Transaction.DAL\Transaction.DAL.csproj", "{B770EC3C-4D11-4E6A-A108-5E21D1067CC2}"
EndProject
Project("{9A19103F-16F7-4668-BE54-9A1E7A4F7556}") = "Transaction.Api", "Transaction.Api\Transaction.Api.csproj", "{750A4E23-CEE7-41B2-9213-836327C4E437}"
EndProject
Project("{9A19103F-16F7-4668-BE54-9A1E7A4F7556}") = "Transaction.DTO", "Transaction.DTO\Transaction.DTO.csproj", "{472932E2-67BF-4EAF-8CE6-56C9E9082C4A}"
EndProject
Project("{9A19103F-16F7-4668-BE54-9A1E7A4F7556}") = "Transaction.Services", "Transaction.Services\Transaction.Services.csproj", "{ABB47FB8-1628-4A12-BC10-021249B55FA0}"
EndProject
Project("{9A19103F-16F7-4668-BE54-9A1E7A4F7556}") = "Messages", "Messages\Messages.csproj", "{76D0AF15-442B-47A4-B625-76CD2E2FAEB9}"
EndProject
Project("{FAE04EC0-301F-11D3-BF4B-00C04F79EFBC}") = "Account.NSB", "Account.NSB\Account.NSB.csproj", "{967D2BBB-A510-428E-9042-7E81F910B0E8}"
EndProject
Global
	GlobalSection(SolutionConfigurationPlatforms) = preSolution
		Debug|Any CPU = Debug|Any CPU
		Release|Any CPU = Release|Any CPU
	EndGlobalSection
	GlobalSection(ProjectConfigurationPlatforms) = postSolution
		{7C48D199-D6A8-4102-96B8-CDBF56FF162D}.Debug|Any CPU.ActiveCfg = Debug|Any CPU
		{7C48D199-D6A8-4102-96B8-CDBF56FF162D}.Debug|Any CPU.Build.0 = Debug|Any CPU
		{7C48D199-D6A8-4102-96B8-CDBF56FF162D}.Release|Any CPU.ActiveCfg = Release|Any CPU
		{7C48D199-D6A8-4102-96B8-CDBF56FF162D}.Release|Any CPU.Build.0 = Release|Any CPU
		{C8694F1F-934D-4115-A397-1396444E1C78}.Debug|Any CPU.ActiveCfg = Debug|Any CPU
		{C8694F1F-934D-4115-A397-1396444E1C78}.Debug|Any CPU.Build.0 = Debug|Any CPU
		{C8694F1F-934D-4115-A397-1396444E1C78}.Release|Any CPU.ActiveCfg = Release|Any CPU
		{C8694F1F-934D-4115-A397-1396444E1C78}.Release|Any CPU.Build.0 = Release|Any CPU
		{CD39952D-8BC7-41AC-93A2-2425257E4DE9}.Debug|Any CPU.ActiveCfg = Debug|Any CPU
		{CD39952D-8BC7-41AC-93A2-2425257E4DE9}.Debug|Any CPU.Build.0 = Debug|Any CPU
		{CD39952D-8BC7-41AC-93A2-2425257E4DE9}.Release|Any CPU.ActiveCfg = Release|Any CPU
		{CD39952D-8BC7-41AC-93A2-2425257E4DE9}.Release|Any CPU.Build.0 = Release|Any CPU
		{E5B43B6B-B97D-4D6D-9886-644D61CCAF4A}.Debug|Any CPU.ActiveCfg = Debug|Any CPU
		{E5B43B6B-B97D-4D6D-9886-644D61CCAF4A}.Debug|Any CPU.Build.0 = Debug|Any CPU
		{E5B43B6B-B97D-4D6D-9886-644D61CCAF4A}.Release|Any CPU.ActiveCfg = Release|Any CPU
		{E5B43B6B-B97D-4D6D-9886-644D61CCAF4A}.Release|Any CPU.Build.0 = Release|Any CPU
		{B770EC3C-4D11-4E6A-A108-5E21D1067CC2}.Debug|Any CPU.ActiveCfg = Debug|Any CPU
		{B770EC3C-4D11-4E6A-A108-5E21D1067CC2}.Debug|Any CPU.Build.0 = Debug|Any CPU
		{B770EC3C-4D11-4E6A-A108-5E21D1067CC2}.Release|Any CPU.ActiveCfg = Release|Any CPU
		{B770EC3C-4D11-4E6A-A108-5E21D1067CC2}.Release|Any CPU.Build.0 = Release|Any CPU
		{750A4E23-CEE7-41B2-9213-836327C4E437}.Debug|Any CPU.ActiveCfg = Debug|Any CPU
		{750A4E23-CEE7-41B2-9213-836327C4E437}.Debug|Any CPU.Build.0 = Debug|Any CPU
		{750A4E23-CEE7-41B2-9213-836327C4E437}.Release|Any CPU.ActiveCfg = Release|Any CPU
		{750A4E23-CEE7-41B2-9213-836327C4E437}.Release|Any CPU.Build.0 = Release|Any CPU
		{472932E2-67BF-4EAF-8CE6-56C9E9082C4A}.Debug|Any CPU.ActiveCfg = Debug|Any CPU
		{472932E2-67BF-4EAF-8CE6-56C9E9082C4A}.Debug|Any CPU.Build.0 = Debug|Any CPU
		{472932E2-67BF-4EAF-8CE6-56C9E9082C4A}.Release|Any CPU.ActiveCfg = Release|Any CPU
		{472932E2-67BF-4EAF-8CE6-56C9E9082C4A}.Release|Any CPU.Build.0 = Release|Any CPU
		{ABB47FB8-1628-4A12-BC10-021249B55FA0}.Debug|Any CPU.ActiveCfg = Debug|Any CPU
		{ABB47FB8-1628-4A12-BC10-021249B55FA0}.Debug|Any CPU.Build.0 = Debug|Any CPU
		{ABB47FB8-1628-4A12-BC10-021249B55FA0}.Release|Any CPU.ActiveCfg = Release|Any CPU
		{ABB47FB8-1628-4A12-BC10-021249B55FA0}.Release|Any CPU.Build.0 = Release|Any CPU
		{76D0AF15-442B-47A4-B625-76CD2E2FAEB9}.Debug|Any CPU.ActiveCfg = Debug|Any CPU
		{76D0AF15-442B-47A4-B625-76CD2E2FAEB9}.Debug|Any CPU.Build.0 = Debug|Any CPU
		{76D0AF15-442B-47A4-B625-76CD2E2FAEB9}.Release|Any CPU.ActiveCfg = Release|Any CPU
		{76D0AF15-442B-47A4-B625-76CD2E2FAEB9}.Release|Any CPU.Build.0 = Release|Any CPU
		{967D2BBB-A510-428E-9042-7E81F910B0E8}.Debug|Any CPU.ActiveCfg = Debug|Any CPU
		{967D2BBB-A510-428E-9042-7E81F910B0E8}.Debug|Any CPU.Build.0 = Debug|Any CPU
		{967D2BBB-A510-428E-9042-7E81F910B0E8}.Release|Any CPU.ActiveCfg = Release|Any CPU
		{967D2BBB-A510-428E-9042-7E81F910B0E8}.Release|Any CPU.Build.0 = Release|Any CPU
	EndGlobalSection
	GlobalSection(SolutionProperties) = preSolution
		HideSolutionNode = FALSE
	EndGlobalSection
	GlobalSection(NestedProjects) = preSolution
		{7C48D199-D6A8-4102-96B8-CDBF56FF162D} = {C052B651-A4E9-46E4-B0BD-36FD766DCA04}
		{C8694F1F-934D-4115-A397-1396444E1C78} = {C052B651-A4E9-46E4-B0BD-36FD766DCA04}
		{CD39952D-8BC7-41AC-93A2-2425257E4DE9} = {C052B651-A4E9-46E4-B0BD-36FD766DCA04}
		{E5B43B6B-B97D-4D6D-9886-644D61CCAF4A} = {C052B651-A4E9-46E4-B0BD-36FD766DCA04}
		{B770EC3C-4D11-4E6A-A108-5E21D1067CC2} = {20B620F5-493D-4029-88AA-49A164574153}
		{750A4E23-CEE7-41B2-9213-836327C4E437} = {20B620F5-493D-4029-88AA-49A164574153}
		{472932E2-67BF-4EAF-8CE6-56C9E9082C4A} = {20B620F5-493D-4029-88AA-49A164574153}
		{ABB47FB8-1628-4A12-BC10-021249B55FA0} = {20B620F5-493D-4029-88AA-49A164574153}
		{967D2BBB-A510-428E-9042-7E81F910B0E8} = {C052B651-A4E9-46E4-B0BD-36FD766DCA04}
	EndGlobalSection
	GlobalSection(ExtensibilityGlobals) = postSolution
		SolutionGuid = {170CD48B-C19C-4685-AEFC-B82B7C56A774}
	EndGlobalSection
EndGlobal
